
Microsoft Visual Studio Solution File, Format Version 12.00
# Visual Studio Version 17
VisualStudioVersion = 17.9.34728.123
MinimumVisualStudioVersion = 10.0.40219.1
Project("{FAE04EC0-301F-11D3-BF4B-00C04F79EFBC}") = "PKInfoLib", "PKInfoLib\PKInfoLib.csproj", "{61CDE06E-486E-449D-B8A9-F3D49916878B}"
	ProjectSection(ProjectDependencies) = postProject
		{1BF8B187-E453-443E-AB94-F51E8B2F4F8A} = {1BF8B187-E453-443E-AB94-F51E8B2F4F8A}
		{386F3A0E-61E4-447D-8455-3CC881CB68E8} = {386F3A0E-61E4-447D-8455-3CC881CB68E8}
	EndProjectSection
EndProject
Project("{FAE04EC0-301F-11D3-BF4B-00C04F79EFBC}") = "PKViewerWpfUI", "PKViewerWpfUI\PKViewerWpfUI.csproj", "{6C5F3E86-09BD-47EF-BBB9-213C29F15CA1}"
	ProjectSection(ProjectDependencies) = postProject
		{1BF8B187-E453-443E-AB94-F51E8B2F4F8A} = {1BF8B187-E453-443E-AB94-F51E8B2F4F8A}
		{30B044AF-32B6-4177-BB41-EC7AB1B40895} = {30B044AF-32B6-4177-BB41-EC7AB1B40895}
		{386F3A0E-61E4-447D-8455-3CC881CB68E8} = {386F3A0E-61E4-447D-8455-3CC881CB68E8}
		{61CDE06E-486E-449D-B8A9-F3D49916878B} = {61CDE06E-486E-449D-B8A9-F3D49916878B}
		{88A23055-DA51-4CE6-BC72-40530DF7BA95} = {88A23055-DA51-4CE6-BC72-40530DF7BA95}
	EndProjectSection
EndProject
Project("{FAE04EC0-301F-11D3-BF4B-00C04F79EFBC}") = "PKInfoLib.Tests", "Tests\Unit\PKInfoLib.Tests\PKInfoLib.Tests.csproj", "{13CA32C3-BBE0-4FDB-A7F6-D6D8D49D6238}"
	ProjectSection(ProjectDependencies) = postProject
		{30B044AF-32B6-4177-BB41-EC7AB1B40895} = {30B044AF-32B6-4177-BB41-EC7AB1B40895}
		{6C5F3E86-09BD-47EF-BBB9-213C29F15CA1} = {6C5F3E86-09BD-47EF-BBB9-213C29F15CA1}
	EndProjectSection
EndProject
Project("{FAE04EC0-301F-11D3-BF4B-00C04F79EFBC}") = "WpfMvvm", "InterfaceAdapters\WpfMvvm\WpfMvvm.csproj", "{30B044AF-32B6-4177-BB41-EC7AB1B40895}"
	ProjectSection(ProjectDependencies) = postProject
		{1BF8B187-E453-443E-AB94-F51E8B2F4F8A} = {1BF8B187-E453-443E-AB94-F51E8B2F4F8A}
		{386F3A0E-61E4-447D-8455-3CC881CB68E8} = {386F3A0E-61E4-447D-8455-3CC881CB68E8}
		{61CDE06E-486E-449D-B8A9-F3D49916878B} = {61CDE06E-486E-449D-B8A9-F3D49916878B}
		{88A23055-DA51-4CE6-BC72-40530DF7BA95} = {88A23055-DA51-4CE6-BC72-40530DF7BA95}
	EndProjectSection
EndProject
Project("{FAE04EC0-301F-11D3-BF4B-00C04F79EFBC}") = "En-us", "Langs\En-us\En-us.csproj", "{386F3A0E-61E4-447D-8455-3CC881CB68E8}"
EndProject
Project("{FAE04EC0-301F-11D3-BF4B-00C04F79EFBC}") = "Ru-ru", "Langs\Ru-ru\Ru-ru.csproj", "{1BF8B187-E453-443E-AB94-F51E8B2F4F8A}"
EndProject
Project("{FAE04EC0-301F-11D3-BF4B-00C04F79EFBC}") = "CountryFlags", "Langs\CountryFlags\CountryFlags.csproj", "{88A23055-DA51-4CE6-BC72-40530DF7BA95}"
EndProject
Global
	GlobalSection(SolutionConfigurationPlatforms) = preSolution
		Debug|Any CPU = Debug|Any CPU
		Release|Any CPU = Release|Any CPU
	EndGlobalSection
	GlobalSection(ProjectConfigurationPlatforms) = postSolution
		{61CDE06E-486E-449D-B8A9-F3D49916878B}.Debug|Any CPU.ActiveCfg = Debug|Any CPU
		{61CDE06E-486E-449D-B8A9-F3D49916878B}.Debug|Any CPU.Build.0 = Debug|Any CPU
		{61CDE06E-486E-449D-B8A9-F3D49916878B}.Release|Any CPU.ActiveCfg = Release|Any CPU
		{61CDE06E-486E-449D-B8A9-F3D49916878B}.Release|Any CPU.Build.0 = Release|Any CPU
		{6C5F3E86-09BD-47EF-BBB9-213C29F15CA1}.Debug|Any CPU.ActiveCfg = Debug|Any CPU
		{6C5F3E86-09BD-47EF-BBB9-213C29F15CA1}.Debug|Any CPU.Build.0 = Debug|Any CPU
		{6C5F3E86-09BD-47EF-BBB9-213C29F15CA1}.Release|Any CPU.ActiveCfg = Release|Any CPU
		{6C5F3E86-09BD-47EF-BBB9-213C29F15CA1}.Release|Any CPU.Build.0 = Release|Any CPU
		{13CA32C3-BBE0-4FDB-A7F6-D6D8D49D6238}.Debug|Any CPU.ActiveCfg = Debug|Any CPU
		{13CA32C3-BBE0-4FDB-A7F6-D6D8D49D6238}.Debug|Any CPU.Build.0 = Debug|Any CPU
		{13CA32C3-BBE0-4FDB-A7F6-D6D8D49D6238}.Release|Any CPU.ActiveCfg = Release|Any CPU
		{13CA32C3-BBE0-4FDB-A7F6-D6D8D49D6238}.Release|Any CPU.Build.0 = Release|Any CPU
		{30B044AF-32B6-4177-BB41-EC7AB1B40895}.Debug|Any CPU.ActiveCfg = Debug|Any CPU
		{30B044AF-32B6-4177-BB41-EC7AB1B40895}.Debug|Any CPU.Build.0 = Debug|Any CPU
		{30B044AF-32B6-4177-BB41-EC7AB1B40895}.Release|Any CPU.ActiveCfg = Release|Any CPU
		{30B044AF-32B6-4177-BB41-EC7AB1B40895}.Release|Any CPU.Build.0 = Release|Any CPU
		{386F3A0E-61E4-447D-8455-3CC881CB68E8}.Debug|Any CPU.ActiveCfg = Debug|Any CPU
		{386F3A0E-61E4-447D-8455-3CC881CB68E8}.Debug|Any CPU.Build.0 = Debug|Any CPU
		{386F3A0E-61E4-447D-8455-3CC881CB68E8}.Release|Any CPU.ActiveCfg = Release|Any CPU
		{386F3A0E-61E4-447D-8455-3CC881CB68E8}.Release|Any CPU.Build.0 = Release|Any CPU
		{1BF8B187-E453-443E-AB94-F51E8B2F4F8A}.Debug|Any CPU.ActiveCfg = Debug|Any CPU
		{1BF8B187-E453-443E-AB94-F51E8B2F4F8A}.Debug|Any CPU.Build.0 = Debug|Any CPU
		{1BF8B187-E453-443E-AB94-F51E8B2F4F8A}.Release|Any CPU.ActiveCfg = Release|Any CPU
		{1BF8B187-E453-443E-AB94-F51E8B2F4F8A}.Release|Any CPU.Build.0 = Release|Any CPU
		{88A23055-DA51-4CE6-BC72-40530DF7BA95}.Debug|Any CPU.ActiveCfg = Debug|Any CPU
		{88A23055-DA51-4CE6-BC72-40530DF7BA95}.Debug|Any CPU.Build.0 = Debug|Any CPU
		{88A23055-DA51-4CE6-BC72-40530DF7BA95}.Release|Any CPU.ActiveCfg = Release|Any CPU
		{88A23055-DA51-4CE6-BC72-40530DF7BA95}.Release|Any CPU.Build.0 = Release|Any CPU
	EndGlobalSection
	GlobalSection(SolutionProperties) = preSolution
		HideSolutionNode = FALSE
	EndGlobalSection
	GlobalSection(ExtensibilityGlobals) = postSolution
		SolutionGuid = {7B927496-6B50-414F-B29A-629E695B0E1D}
	EndGlobalSection
EndGlobal
